
Microsoft Visual Studio Solution File, Format Version 12.00
# Visual Studio Version 16
VisualStudioVersion = 16.0.31424.327
MinimumVisualStudioVersion = 10.0.40219.1
Project("{FAE04EC0-301F-11D3-BF4B-00C04F79EFBC}") = "CreditCardValidationForm", "CreditCardValidationForm.csproj", "{4E3CEFB9-F0C7-4ABC-A894-D902C5B1804D}"
EndProject
Global
	GlobalSection(SolutionConfigurationPlatforms) = preSolution
		Debug|Any CPU = Debug|Any CPU
		Release|Any CPU = Release|Any CPU
	EndGlobalSection
	GlobalSection(ProjectConfigurationPlatforms) = postSolution
		{4E3CEFB9-F0C7-4ABC-A894-D902C5B1804D}.Debug|Any CPU.ActiveCfg = Debug|Any CPU
		{4E3CEFB9-F0C7-4ABC-A894-D902C5B1804D}.Debug|Any CPU.Build.0 = Debug|Any CPU
		{4E3CEFB9-F0C7-4ABC-A894-D902C5B1804D}.Release|Any CPU.ActiveCfg = Release|Any CPU
		{4E3CEFB9-F0C7-4ABC-A894-D902C5B1804D}.Release|Any CPU.Build.0 = Release|Any CPU
	EndGlobalSection
	GlobalSection(SolutionProperties) = preSolution
		HideSolutionNode = FALSE
	EndGlobalSection
	GlobalSection(ExtensibilityGlobals) = postSolution
		SolutionGuid = {10C1A4DE-1C86-460B-A002-9B6793016228}
	EndGlobalSection
EndGlobal
